lockfileVersion: '9.0'

settings:
  autoInstallPeers: true
  excludeLinksFromLockfile: false

importers:

  .:
    dependencies:
      '@rtm/ingest':
        specifier: github:reportsthatmatter/ingest#v0.11.0
        version: https://codeload.github.com/reportsthatmatter/ingest/tar.gz/c71a49f6d0addeaa7a7135e841d922b62343b062

packages:

  '@rtm/ingest@https://codeload.github.com/reportsthatmatter/ingest/tar.gz/c71a49f6d0addeaa7a7135e841d922b62343b062':
    resolution: {gitHosted: true, tarball: https://codeload.github.com/reportsthatmatter/ingest/tar.gz/c71a49f6d0addeaa7a7135e841d922b62343b062}
    version: 0.11.0

  yaml@2.9.0:
    resolution: {integrity: sha512-2AvhNX3mb8zd6Zy7INTtSpl1F15HW6Wnqj0srWlkKLcpYl/gMIMJiyuGq2KeI2YFxUPjdlB+3Lc10seMLtL4cA==}
    engines: {node: '>= 14.6'}
    hasBin: true

snapshots:

  '@rtm/ingest@https://codeload.github.com/reportsthatmatter/ingest/tar.gz/c71a49f6d0addeaa7a7135e841d922b62343b062':
    dependencies:
      yaml: 2.9.0

  yaml@2.9.0: {}
